{
  "name": "server",
  "version": "1.0.0",
  "lockfileVersion": 1,
  "requires": true,
  "dependencies": {
    "bcrypt": {
      "version": "5.0.0",
      "resolved": "https://registry.npmjs.org/bcrypt/-/bcrypt-5.0.0.tgz",
      "integrity": "sha512-jB0yCBl4W/kVHM2whjfyqnxTmOHkCX4kHEa5nYKSoGeYe8YrjTYTc87/6bwt1g8cmV0QrbhKriETg9jWtcREhg==",
      "requires": {
        "node-addon-api": "^3.0.0",
        "node-pre-gyp": "0.15.0"
      },
      "dependencies": {
        "debug": {
          "version": "3.2.6",
          "resolved": "https://registry.npmjs.org/debug/-/debug-3.2.6.tgz",
          "integrity": "sha512-mel+jf7nrtEl5Pn1Qx46zARXKDpBbvzezse7p7LqINmdoIk8PYP5SySaxEmYv6TZ0JyEKA1hsCId6DIhgITtWQ==",
          "requires": {
            "ms": "^2.1.1"
          }
        },
        "ms": {
          "version": "2.1.2",
          "resolved": "https://registry.npmjs.org/ms/-/ms-2.1.2.tgz",
          "integrity": "sha512-sGkPx+VjMtmA6MX27oA4FBFELFCZZ4S4XqeGOXCv68tT+jb3vk/RyaKWP0PTKyWtmLSM0b+adUTEvbs1PEaH2w=="
        },
        "needle": {
          "version": "2.5.0",
          "resolved": "https://registry.npmjs.org/needle/-/needle-2.5.0.tgz",
          "integrity": "sha512-o/qITSDR0JCyCKEQ1/1bnUXMmznxabbwi/Y4WwJElf+evwJNFNwIDMCCt5IigFVxgeGBJESLohGtIS9gEzo1fA==",
          "requires": {
            "debug": "^3.2.6",
            "iconv-lite": "^0.4.4",
            "sax": "^1.2.4"
          }
        },
        "node-addon-api": {
          "version": "3.0.0",
          "resolved": "https://registry.npmjs.org/node-addon-api/-/node-addon-api-3.0.0.tgz",
          "integrity": "sha512-sSHCgWfJ+Lui/u+0msF3oyCgvdkhxDbkCS6Q8uiJquzOimkJBvX6hl5aSSA7DR1XbMpdM8r7phjcF63sF4rkKg=="
        },
        "node-pre-gyp": {
          "version": "0.15.0",
          "resolved": "https://registry.npmjs.org/node-pre-gyp/-/node-pre-gyp-0.15.0.tgz",
          "integrity": "sha512-7QcZa8/fpaU/BKenjcaeFF9hLz2+7S9AqyXFhlH/rilsQ/hPZKK32RtR5EQHJElgu+q5RfbJ34KriI79UWaorA==",
          "requires": {
            "detect-libc": "^1.0.2",
            "mkdirp": "^0.5.3",
            "needle": "^2.5.0",
            "nopt": "^4.0.1",
            "npm-packlist": "^1.1.6",
            "npmlog": "^4.0.2",
            "rc": "^1.2.7",
            "rimraf": "^2.6.1",
            "semver": "^5.3.0",
            "tar": "^4.4.2"
          }
        }
      }
    },
    "detect-libc": {
      "version": "1.0.3",
      "resolved": "https://registry.npmjs.org/detect-libc/-/detect-libc-1.0.3.tgz",
      "integrity": "sha1-+hN8S9aY7fVc1c0CrFWfkaTEups="
    },
    "express": {
      "version": "4.17.1",
      "resolved": "https://registry.npmjs.org/express/-/express-4.17.1.tgz",
      "integrity": "sha512-mHJ9O79RqluphRrcw2X/GTh3k9tVv8YcoyY4Kkh4WDMUYKRZUq0h1o0w2rrrxBqM7VoeUVqgb27xlEMXTnYt4g=="
    },
    "iconv-lite": {
      "version": "0.4.24",
      "resolved": "https://registry.npmjs.org/iconv-lite/-/iconv-lite-0.4.24.tgz",
      "integrity": "sha512-v3MXnZAcvnywkTUEZomIActle7RXXeedOR31wwl7VlyoXO4Qi9arvSenNQWne1TcRwhCL1HwLI21bEqdpj8/rA=="
    },
    "jsonwebtoken": {
      "version": "8.5.1",
      "resolved": "https://registry.npmjs.org/jsonwebtoken/-/jsonwebtoken-8.5.1.tgz",
      "integrity": "sha512-XjwVfRS6jTMsqYs0EsuJ4LGxXV14zQybNd4L2r0UvbVnSF9Af8x7p5MzbJ90Ioz/9TI41/hTCvznF/loiSzn8w==",
      "dependencies": {
        "ms": {
          "version": "2.1.2",
          "resolved": "https://registry.npmjs.org/ms/-/ms-2.1.2.tgz",
          "integrity": "sha512-sGkPx+VjMtmA6MX27oA4FBFELFCZZ4S4XqeGOXCv68tT+jb3vk/RyaKWP0PTKyWtmLSM0b+adUTEvbs1PEaH2w=="
        }
      }
    },
    "mkdirp": {
      "version": "0.5.3",
      "resolved": "https://registry.npmjs.org/mkdirp/-/mkdirp-0.5.3.tgz",
      "integrity": "sha512-P+2gwrFqx8lhew375MQHHeTlY8AuOJSrGf0R5ddkEndUkmwpgUob/vQuBD1V22/Cw1/lJr4x+EjllSezBThzBg=="
    },
    "mongoose": {
      "version": "5.9.5",
      "resolved": "https://registry.npmjs.org/mongoose/-/mongoose-5.9.5.tgz",
      "integrity": "sha512-2kMNZCZRWCMtww4f//CwdGH6BjO3+9/c3YdsC6nbzdJVyl8+GRtNfgrKUge3226VZXXLJa6LwxXN2K8/Dh4irg==",
      "dependencies": {
        "ms": {
          "version": "2.1.2",
          "resolved": "https://registry.npmjs.org/ms/-/ms-2.1.2.tgz",
          "integrity": "sha512-sGkPx+VjMtmA6MX27oA4FBFELFCZZ4S4XqeGOXCv68tT+jb3vk/RyaKWP0PTKyWtmLSM0b+adUTEvbs1PEaH2w=="
        }
      }
    },
    "mongoose-unique-validator": {
      "version": "2.0.3",
      "resolved": "https://registry.npmjs.org/mongoose-unique-validator/-/mongoose-unique-validator-2.0.3.tgz",
      "integrity": "sha512-3/8pmvAC1acBZS6eWKAWQUiZBlARE1wyWtjga4iQ2wDJeOfRlIKmAvTNHSZXKaAf7RCRUd7wh7as6yWAOrjpQg=="
    },
    "nopt": {
      "version": "4.0.3",
      "resolved": "https://registry.npmjs.org/nopt/-/nopt-4.0.3.tgz",
      "integrity": "sha512-CvaGwVMztSMJLOeXPrez7fyfObdZqNUK1cPAEzLHrTybIua9pMdmmPR5YwtfNftIOMv3DPUhFaxsZMNTQO20Kg=="
    },
    "npm-packlist": {
      "version": "1.4.8",
      "resolved": "https://registry.npmjs.org/npm-packlist/-/npm-packlist-1.4.8.tgz",
      "integrity": "sha512-5+AZgwru5IevF5ZdnFglB5wNlHG1AOOuw28WhUq8/8emhBmLv6jX5by4WJCh7lW0uSYZYS6DXqIsyZVIXRZU9A=="
    },
    "npmlog": {
      "version": "4.1.2",
      "resolved": "https://registry.npmjs.org/npmlog/-/npmlog-4.1.2.tgz",
      "integrity": "sha512-2uUqazuKlTaSI/dC8AzicUck7+IrEaOnN/e0jd3Xtt1KcGpwx30v50mL7oPyr/h9bL3E4aZccVwpwP+5W9Vjkg=="
    },
    "rc": {
      "version": "1.2.8",
      "resolved": "https://registry.npmjs.org/rc/-/rc-1.2.8.tgz",
      "integrity": "sha512-y3bGgqKj3QBdxLbLkomlohkvsA8gdAiUQlSBJnBhfn+BPxg4bc62d8TcBW15wavDfgexCgccckhcZvywyQYPOw=="
    },
    "rimraf": {
      "version": "2.7.1",
      "resolved": "https://registry.npmjs.org/rimraf/-/rimraf-2.7.1.tgz",
      "integrity": "sha512-uWjbaKIK3T1OSVptzX7Nl6PvQ3qAGtKEtVRjRuazjfL3Bx5eI409VZSqgND+4UNnmzLVdPj9FqFJNPqBZFve4w=="
    },
    "sax": {
      "version": "1.2.4",
      "resolved": "https://registry.npmjs.org/sax/-/sax-1.2.4.tgz",
      "integrity": "sha512-NqVDv9TpANUjFm0N8uM5GxL36UgKi9/atZw+x7YFnQ8ckwFGKrl4xX4yWtrey3UJm5nP1kUbnYgLopqWNSRhWw=="
    },
    "semver": {
      "version": "5.7.1",
      "resolved": "https://registry.npmjs.org/semver/-/semver-5.7.1.tgz",
      "integrity": "sha512-sauaDf/PZdVgrLTNYHRtpXa1iRiKcaebiKQ1BJdpQlWH2lCvexQdX55snPFyK7QzpudqbCI0qXFfOasHdyNDGQ=="
    },
    "tar": {
      "version": "4.4.13",
      "resolved": "https://registry.npmjs.org/tar/-/tar-4.4.13.tgz",
      "integrity": "sha512-w2VwSrBoHa5BsSyH+KxEqeQBAllHhccyMFVHtGtdMpF4W7IRWfZjFiQceJPChOeTsSDVUpER2T8FA93pr0L+QA=="
    }
  }
}
